
Microsoft Visual Studio Solution File, Format Version 12.00
# Visual Studio Version 17
VisualStudioVersion = 17.11.35208.52
MinimumVisualStudioVersion = 10.0.40219.1
Project("{FAE04EC0-301F-11D3-BF4B-00C04F79EFBC}") = "RelationalSchemaNormalizer.Tests", "RelationalSchemaNormalizer.Tests\RelationalSchemaNormalizer.Tests.csproj", "{0C21CF20-8170-4EC5-929F-C62904A0C101}"
EndProject
Global
	GlobalSection(SolutionConfigurationPlatforms) = preSolution
		Debug|Any CPU = Debug|Any CPU
		Release|Any CPU = Release|Any CPU
	EndGlobalSection
	GlobalSection(ProjectConfigurationPlatforms) = postSolution
		{0C21CF20-8170-4EC5-929F-C62904A0C101}.Debug|Any CPU.ActiveCfg = Debug|Any CPU
		{0C21CF20-8170-4EC5-929F-C62904A0C101}.Debug|Any CPU.Build.0 = Debug|Any CPU
		{0C21CF20-8170-4EC5-929F-C62904A0C101}.Release|Any CPU.ActiveCfg = Release|Any CPU
		{0C21CF20-8170-4EC5-929F-C62904A0C101}.Release|Any CPU.Build.0 = Release|Any CPU
	EndGlobalSection
	GlobalSection(SolutionProperties) = preSolution
		HideSolutionNode = FALSE
	EndGlobalSection
	GlobalSection(ExtensibilityGlobals) = postSolution
		SolutionGuid = {935F4097-2DBC-4467-BCD7-397A0E48871D}
	EndGlobalSection
EndGlobal
